
Microsoft Visual Studio Solution File, Format Version 12.00
# Visual Studio Version 17
VisualStudioVersion = 17.5.33424.131
MinimumVisualStudioVersion = 10.0.40219.1
Project("{9A19103F-16F7-4668-BE54-9A1E7A4F7556}") = "WebApiSample", "WebApiSample\WebApiSample.csproj", "{7431462C-8BD9-4ABE-934A-BB323582635D}"
EndProject
Project("{FAE04EC0-301F-11D3-BF4B-00C04F79EFBC}") = "MiddleService", "MiddleService\MiddleService.csproj", "{796930F1-3676-43F3-88D3-3DB5691039B9}"
EndProject
Project("{FAE04EC0-301F-11D3-BF4B-00C04F79EFBC}") = "DestinationService", "DestinationService\DestinationService.csproj", "{F94FE943-9CE9-4426-9E05-B63590A4047F}"
EndProject
Project("{FAE04EC0-301F-11D3-BF4B-00C04F79EFBC}") = "Common", "Common\Common.csproj", "{37E6C2ED-774B-4786-BD3D-A8E9260A9379}"
EndProject
Global
	GlobalSection(SolutionConfigurationPlatforms) = preSolution
		Debug|Any CPU = Debug|Any CPU
		Release|Any CPU = Release|Any CPU
	EndGlobalSection
	GlobalSection(ProjectConfigurationPlatforms) = postSolution
		{7431462C-8BD9-4ABE-934A-BB323582635D}.Debug|Any CPU.ActiveCfg = Debug|Any CPU
		{7431462C-8BD9-4ABE-934A-BB323582635D}.Debug|Any CPU.Build.0 = Debug|Any CPU
		{7431462C-8BD9-4ABE-934A-BB323582635D}.Release|Any CPU.ActiveCfg = Release|Any CPU
		{7431462C-8BD9-4ABE-934A-BB323582635D}.Release|Any CPU.Build.0 = Release|Any CPU
		{796930F1-3676-43F3-88D3-3DB5691039B9}.Debug|Any CPU.ActiveCfg = Debug|Any CPU
		{796930F1-3676-43F3-88D3-3DB5691039B9}.Debug|Any CPU.Build.0 = Debug|Any CPU
		{796930F1-3676-43F3-88D3-3DB5691039B9}.Release|Any CPU.ActiveCfg = Release|Any CPU
		{796930F1-3676-43F3-88D3-3DB5691039B9}.Release|Any CPU.Build.0 = Release|Any CPU
		{F94FE943-9CE9-4426-9E05-B63590A4047F}.Debug|Any CPU.ActiveCfg = Debug|Any CPU
		{F94FE943-9CE9-4426-9E05-B63590A4047F}.Debug|Any CPU.Build.0 = Debug|Any CPU
		{F94FE943-9CE9-4426-9E05-B63590A4047F}.Release|Any CPU.ActiveCfg = Release|Any CPU
		{F94FE943-9CE9-4426-9E05-B63590A4047F}.Release|Any CPU.Build.0 = Release|Any CPU
		{37E6C2ED-774B-4786-BD3D-A8E9260A9379}.Debug|Any CPU.ActiveCfg = Debug|Any CPU
		{37E6C2ED-774B-4786-BD3D-A8E9260A9379}.Debug|Any CPU.Build.0 = Debug|Any CPU
		{37E6C2ED-774B-4786-BD3D-A8E9260A9379}.Release|Any CPU.ActiveCfg = Release|Any CPU
		{37E6C2ED-774B-4786-BD3D-A8E9260A9379}.Release|Any CPU.Build.0 = Release|Any CPU
	EndGlobalSection
	GlobalSection(SolutionProperties) = preSolution
		HideSolutionNode = FALSE
	EndGlobalSection
	GlobalSection(ExtensibilityGlobals) = postSolution
		SolutionGuid = {1FFAC8B4-92A1-48CF-9BAC-BEB833A2242C}
	EndGlobalSection
EndGlobal
